
Microsoft Visual Studio Solution File, Format Version 12.00
# Visual Studio Version 16
VisualStudioVersion = 16.0.29728.190
MinimumVisualStudioVersion = 10.0.40219.1
Project("{FAE04EC0-301F-11D3-BF4B-00C04F79EFBC}") = "Dictionaries_03", "Dictionaries_03\Dictionaries_03.csproj", "{53AD4807-3B07-43D8-BBD7-AF6E0B5FBE1B}"
EndProject
Global
	GlobalSection(SolutionConfigurationPlatforms) = preSolution
		Debug|Any CPU = Debug|Any CPU
		Release|Any CPU = Release|Any CPU
	EndGlobalSection
	GlobalSection(ProjectConfigurationPlatforms) = postSolution
		{53AD4807-3B07-43D8-BBD7-AF6E0B5FBE1B}.Debug|Any CPU.ActiveCfg = Debug|Any CPU
		{53AD4807-3B07-43D8-BBD7-AF6E0B5FBE1B}.Debug|Any CPU.Build.0 = Debug|Any CPU
		{53AD4807-3B07-43D8-BBD7-AF6E0B5FBE1B}.Release|Any CPU.ActiveCfg = Release|Any CPU
		{53AD4807-3B07-43D8-BBD7-AF6E0B5FBE1B}.Release|Any CPU.Build.0 = Release|Any CPU
	EndGlobalSection
	GlobalSection(SolutionProperties) = preSolution
		HideSolutionNode = FALSE
	EndGlobalSection
	GlobalSection(ExtensibilityGlobals) = postSolution
		SolutionGuid = {EC2B66F9-BC78-459E-8748-B130A254F364}
	EndGlobalSection
EndGlobal
