
Microsoft Visual Studio Solution File, Format Version 12.00
# Visual Studio Version 16
VisualStudioVersion = 16.0.29728.190
MinimumVisualStudioVersion = 10.0.40219.1
Project("{FAE04EC0-301F-11D3-BF4B-00C04F79EFBC}") = "GuessNumber", "GuessNumber\GuessNumber.csproj", "{BED042DC-E892-4EBA-B195-35A665FEEDDB}"
EndProject
Global
	GlobalSection(SolutionConfigurationPlatforms) = preSolution
		Debug|Any CPU = Debug|Any CPU
		Release|Any CPU = Release|Any CPU
	EndGlobalSection
	GlobalSection(ProjectConfigurationPlatforms) = postSolution
		{BED042DC-E892-4EBA-B195-35A665FEEDDB}.Debug|Any CPU.ActiveCfg = Debug|Any CPU
		{BED042DC-E892-4EBA-B195-35A665FEEDDB}.Debug|Any CPU.Build.0 = Debug|Any CPU
		{BED042DC-E892-4EBA-B195-35A665FEEDDB}.Release|Any CPU.ActiveCfg = Release|Any CPU
		{BED042DC-E892-4EBA-B195-35A665FEEDDB}.Release|Any CPU.Build.0 = Release|Any CPU
	EndGlobalSection
	GlobalSection(SolutionProperties) = preSolution
		HideSolutionNode = FALSE
	EndGlobalSection
	GlobalSection(ExtensibilityGlobals) = postSolution
		SolutionGuid = {A14D2926-0CB6-47E5-984A-6AAD1A044475}
	EndGlobalSection
EndGlobal
